# THIS IS AN AUTOGENERATED FILE. DO NOT EDIT THIS FILE DIRECTLY.
# yarn lockfile v1


"@babel/runtime@^7.18.3":
  version "7.24.5"
  resolved "https://registry.yarnpkg.com/@babel/runtime/-/runtime-7.24.5.tgz#230946857c053a36ccc66e1dd03b17dd0c4ed02c"
  integrity sha512-Nms86NXrsaeU9vbBJKni6gXiEXZ4CVpYVzEjDH9Sb8vmZ3UljyA1GSOJl/6LGPO8EHLuSF9H+IxNXHPX8QHJ4g==
  dependencies:
    regenerator-runtime "^0.14.0"

"@exodus/schemasafe@^1.3.0":
  version "1.3.0"
  resolved "https://registry.yarnpkg.com/@exodus/schemasafe/-/schemasafe-1.3.0.tgz#731656abe21e8e769a7f70a4d833e6312fe59b7f"
  integrity sha512-5Aap/GaRupgNx/feGBwLLTVv8OQFfv3pq2lPRzPg9R+IOBnDgghTGW7l7EuVXOvg5cc/xSAlRW8rBrjIC3Nvqw==

"@floating-ui/core@^1.0.0", "@floating-ui/core@^1.3.1":
  version "1.6.1"
  resolved "https://registry.yarnpkg.com/@floating-ui/core/-/core-1.6.1.tgz#a4e6fef1b069cda533cbc7a4998c083a37f37573"
  integrity sha512-42UH54oPZHPdRHdw6BgoBD6cg/eVTmVrFcgeRDM3jbO7uxSoipVcmcIGFcA5jmOHO5apcyvBhkSKES3fQJnu7A==
  dependencies:
    "@floating-ui/utils" "^0.2.0"

"@floating-ui/dom@^1.4.5":
  version "1.6.5"
  resolved "https://registry.yarnpkg.com/@floating-ui/dom/-/dom-1.6.5.tgz#323f065c003f1d3ecf0ff16d2c2c4d38979f4cb9"
  integrity sha512-Nsdud2X65Dz+1RHjAIP0t8z5e2ff/IRbei6BqFrl1urT8sDVzM1HMQ+R0XcU5ceRfyO3I6ayeqIfh+6Wb8LGTw==
  dependencies:
    "@floating-ui/core" "^1.0.0"
    "@floating-ui/utils" "^0.2.0"

"@floating-ui/utils@^0.2.0":
  version "0.2.2"
  resolved "https://registry.yarnpkg.com/@floating-ui/utils/-/utils-0.2.2.tgz#d8bae93ac8b815b2bd7a98078cf91e2724ef11e5"
  integrity sha512-J4yDIIthosAsRZ5CPYP/jQvUAQtlZTTD/4suA08/FEnlxqW3sKS9iAhgsa9VYLZ6vDHn/ixJgIqRQPotoBjxIw==

"@gcornut/valibot-json-schema@^0.0.27":
  version "0.0.27"
  resolved "https://registry.yarnpkg.com/@gcornut/valibot-json-schema/-/valibot-json-schema-0.0.27.tgz#b1617897a2cdb9a03a1d706ba25b24065323ebf0"
  integrity sha512-xcMaUStVgQzPrK3d7PuLFbQ+3qSp6LzaLExAm52E3FKmUfjQa7Sw5cDK6Hfu/8WT0yfGsuSCuJ5uT1sosjR9Qg==

"@hapi/hoek@^9.0.0", "@hapi/hoek@^9.3.0":
  version "9.3.0"
  resolved "https://registry.yarnpkg.com/@hapi/hoek/-/hoek-9.3.0.tgz#8368869dcb735be2e7f5cb7647de78e167a251fb"
  integrity sha512-/c6rf4UJlmHlC9b5BaNvzAcFv7HZ2QHaV0D4/HNlBdvFnvQq8RI4kYdhyPCl7Xj+oWvTWQ8ujhqS53LIgAe6KQ==

"@hapi/topo@^5.1.0":
  version "5.1.0"
  resolved "https://registry.yarnpkg.com/@hapi/topo/-/topo-5.1.0.tgz#dc448e332c6c6e37a4dc02fd84ba8d44b9afb012"
  integrity sha512-foQZKJig7Ob0BMAYBfcJk8d77QtOe7Wo4ox7ff1lQYoNNAb6jwcY1ncdoy2e9wQZzvNy7ODZCYJkK8kzmcAnAg==
  dependencies:
    "@hapi/hoek" "^9.0.0"

"@internationalized/date@^3.5.0", "@internationalized/date@^3.5.1":
  version "3.5.3"
  resolved "https://registry.yarnpkg.com/@internationalized/date/-/date-3.5.3.tgz#acef6e6f8855a44d685111023aa471f2012643c8"
  integrity sha512-X9bi8NAEHAjD8yzmPYT2pdJsbe+tYSEBAfowtlxJVJdZR3aK8Vg7ZUT1Fm5M47KLzp/M1p1VwAaeSma3RT7biw==
  dependencies:
    "@swc/helpers" "^0.5.0"

"@melt-ui/svelte@0.76.2":
  version "0.76.2"
  resolved "https://registry.yarnpkg.com/@melt-ui/svelte/-/svelte-0.76.2.tgz#9d6a578695ac257e34710fdeff3c8a40c8c25f31"
  integrity sha512-7SbOa11tXUS95T3fReL+dwDs5FyJtCEqrqG3inRziDws346SYLsxOQ6HmX+4BkIsQh1R8U3XNa+EMmdMt38lMA==
  dependencies:
    "@floating-ui/core" "^1.3.1"
    "@floating-ui/dom" "^1.4.5"
    "@internationalized/date" "^3.5.0"
    dequal "^2.0.3"
    focus-trap "^7.5.2"
    nanoid "^5.0.4"

"@poppinss/macroable@^1.0.1":
  version "1.0.2"
  resolved "https://registry.yarnpkg.com/@poppinss/macroable/-/macroable-1.0.2.tgz#bdf2fb8648334410a1a53173e5b2d1995d3848af"
  integrity sha512-xhhEcEvhQC8mP5oOr5hbE4CmUgmw/IPV1jhpGg2xSkzoFrt9i8YVqBQt9744EFesi5F7pBheWozg63RUBM/5JA==

"@sideway/address@^4.1.5":
  version "4.1.5"
  resolved "https://registry.yarnpkg.com/@sideway/address/-/address-4.1.5.tgz#4bc149a0076623ced99ca8208ba780d65a99b9d5"
  integrity sha512-IqO/DUQHUkPeixNQ8n0JA6102hT9CmaljNTPmQ1u8MEhBo/R4Q8eKLN/vGZxuebwOroDB4cbpjheD4+/sKFK4Q==
  dependencies:
    "@hapi/hoek" "^9.0.0"

"@sideway/formula@^3.0.1":
  version "3.0.1"
  resolved "https://registry.yarnpkg.com/@sideway/formula/-/formula-3.0.1.tgz#80fcbcbaf7ce031e0ef2dd29b1bfc7c3f583611f"
  integrity sha512-/poHZJJVjx3L+zVD6g9KgHfYnb443oi7wLu/XKojDviHy6HOEOA6z1Trk5aR1dGcmPenJEgb2sK2I80LeS3MIg==

"@sideway/pinpoint@^2.0.0":
  version "2.0.0"
  resolved "https://registry.yarnpkg.com/@sideway/pinpoint/-/pinpoint-2.0.0.tgz#cff8ffadc372ad29fd3f78277aeb29e632cc70df"
  integrity sha512-RNiOoTPkptFtSVzQevY/yWtZwf/RxyVnPy/OcA9HBM3MlGDnBEYL5B41H0MTn0Uec8Hi+2qUtTfG2WWZBmMejQ==

"@sinclair/typebox@^0.32.27":
  version "0.32.29"
  resolved "https://registry.yarnpkg.com/@sinclair/typebox/-/typebox-0.32.29.tgz#35a31aac1078f14b722bd08086cea44fa73b206a"
  integrity sha512-GWKskKPGQV0vVYizqCu0E1YLwGthvlkDqpRxB3iBuqxJ8dN/9n1cnDRSQHF59GMoxDJwzSgmxpU617SidtUnMw==

"@sodaru/yup-to-json-schema@^2.0.1":
  version "2.0.1"
  resolved "https://registry.yarnpkg.com/@sodaru/yup-to-json-schema/-/yup-to-json-schema-2.0.1.tgz#117ddf49cb03896b785f0efbe7b6679456a03287"
  integrity sha512-lWb0Wiz8KZ9ip/dY1eUqt7fhTPmL24p6Hmv5Fd9pzlzAdw/YNcWZr+tiCT4oZ4Zyxzi9+1X4zv82o7jYvcFxYA==

"@swc/helpers@^0.5.0":
  version "0.5.11"
  resolved "https://registry.yarnpkg.com/@swc/helpers/-/helpers-0.5.11.tgz#5bab8c660a6e23c13b2d23fcd1ee44a2db1b0cb7"
  integrity sha512-YNlnKRWF2sVojTpIyzwou9XoTNbzbzONwRhOoniEioF1AtaitTvVZblaQRrAzChWQ1bLYyYSWzM18y4WwgzJ+A==
  dependencies:
    tslib "^2.4.0"

"@types/validator@^13.11.9":
  version "13.11.9"
  resolved "https://registry.yarnpkg.com/@types/validator/-/validator-13.11.9.tgz#adfe96520b437a0eaa798a475877bf2f75ee402d"
  integrity sha512-FCTsikRozryfayPuiI46QzH3fnrOoctTjvOYZkho9BTFLCOZ2rgZJHMOVgCOfttjPJcgOx52EpkY0CMfy87MIw==

"@vinejs/compiler@^2.4.1":
  version "2.5.0"
  resolved "https://registry.yarnpkg.com/@vinejs/compiler/-/compiler-2.5.0.tgz#a4297687cd1c61fd14de35f452045a324e5bd084"
  integrity sha512-hg4ekaB5Y2zh+IWzBiC/WCDWrIfpVnKu/ubUvelKlidc/VbulsexoFRw5kJGHZenPVI5YzNnDeTdYSALkTV7jQ==

"@vinejs/vine@^1.8.0":
  version "1.8.0"
  resolved "https://registry.yarnpkg.com/@vinejs/vine/-/vine-1.8.0.tgz#789b837c5a2f94e67127087f2edf8df6c6541b4f"
  integrity sha512-Qq3XxbA26jzqS9ICifkqzT399lMQZ2fWtqeV3luI2as+UIK7qDifJFU2Q4W3q3IB5VXoWxgwAZSZEO0em9I/qQ==
  dependencies:
    "@poppinss/macroable" "^1.0.1"
    "@types/validator" "^13.11.9"
    "@vinejs/compiler" "^2.4.1"
    camelcase "^8.0.0"
    dayjs "^1.11.10"
    dlv "^1.1.3"
    normalize-url "^8.0.1"
    validator "^13.11.0"

arktype@1.0.29-alpha:
  version "1.0.29-alpha"
  resolved "https://registry.yarnpkg.com/arktype/-/arktype-1.0.29-alpha.tgz#9180d36aba64bd84c1834ac1d97aa75e28d65c28"
  integrity sha512-glMLgVhIQRSkR3tymiS+POAcWVJH09sfrgic0jHnyFL8BlhHAJZX2BzdImU9zYr1y9NBqy+U93ZNrRTHXsKRDw==

bits-ui@^0.21.7:
  version "0.21.7"
  resolved "https://registry.yarnpkg.com/bits-ui/-/bits-ui-0.21.7.tgz#bd43ee86194802396823880385e7575fbd2b3c3a"
  integrity sha512-1PKp90ly1R6jexIiAUj1Dk4u2pln7ok+L8Vc0rHMY7pi7YZvadFNZvkp1G5BtmL8qh2xsn4MVNgKjPAQMCxW0A==
  dependencies:
    "@internationalized/date" "^3.5.1"
    "@melt-ui/svelte" "0.76.2"
    nanoid "^5.0.5"

camelcase@^8.0.0:
  version "8.0.0"
  resolved "https://registry.yarnpkg.com/camelcase/-/camelcase-8.0.0.tgz#c0d36d418753fb6ad9c5e0437579745c1c14a534"
  integrity sha512-8WB3Jcas3swSvjIeA2yvCJ+Miyz5l1ZmB6HFb9R1317dt9LCQoswg/BGrmAmkWVEszSrrg4RwmO46qIm2OEnSA==

dayjs@^1.11.10:
  version "1.11.11"
  resolved "https://registry.yarnpkg.com/dayjs/-/dayjs-1.11.11.tgz#dfe0e9d54c5f8b68ccf8ca5f72ac603e7e5ed59e"
  integrity sha512-okzr3f11N6WuqYtZSvm+F776mB41wRZMhKP+hc34YdW+KmtYYK9iqvHSwo2k9FEH3fhGXvOPV6yz2IcSrfRUDg==

dequal@^2.0.3:
  version "2.0.3"
  resolved "https://registry.yarnpkg.com/dequal/-/dequal-2.0.3.tgz#2644214f1997d39ed0ee0ece72335490a7ac67be"
  integrity sha512-0je+qPKHEMohvfRTCEo3CrPG6cAzAYgmzKyxRiYSSDkS6eGJdyVJm7WaYA5ECaAD9wLB2T4EEeymA5aFVcYXCA==

devalue@^5.0.0:
  version "5.0.0"
  resolved "https://registry.yarnpkg.com/devalue/-/devalue-5.0.0.tgz#1ca0099a7d715b4d6cac3924e770ccbbc584ad98"
  integrity sha512-gO+/OMXF7488D+u3ue+G7Y4AA3ZmUnB3eHJXmBTgNHvr4ZNzl36A0ZtG+XCRNYCkYx/bFmw4qtkoFLa+wSrwAA==

dlv@^1.1.3:
  version "1.1.3"
  resolved "https://registry.yarnpkg.com/dlv/-/dlv-1.1.3.tgz#5c198a8a11453596e751494d49874bc7732f2e79"
  integrity sha512-+HlytyjlPKnIG8XuRG8WvmBP8xs8P71y+SKKS6ZXWoEgLuePxtDoUEiH7WkdePWrQ5JBpE6aoVqfZfJUQkjXwA==

focus-trap@^7.5.2:
  version "7.5.4"
  resolved "https://registry.yarnpkg.com/focus-trap/-/focus-trap-7.5.4.tgz#6c4e342fe1dae6add9c2aa332a6e7a0bbd495ba2"
  integrity sha512-N7kHdlgsO/v+iD/dMoJKtsSqs5Dz/dXZVebRgJw23LDk+jMi/974zyiOYDziY2JPp8xivq9BmUGwIJMiuSBi7w==
  dependencies:
    tabbable "^6.2.0"

formsnap@^1.0.0:
  version "1.0.0"
  resolved "https://registry.yarnpkg.com/formsnap/-/formsnap-1.0.0.tgz#40c737a06443d560b3deb0ff5d137f06bdfcbb1b"
  integrity sha512-NQEbkCS1tKGnn6gBojIuNutxImmq/9bUk9JQ5kW8WOY37QNFtJxYr/SbX8ONWuiVLaczSvGSWXIv3hNu19arqQ==
  dependencies:
    nanoid "^5.0.5"

joi@^17.13.1:
  version "17.13.1"
  resolved "https://registry.yarnpkg.com/joi/-/joi-17.13.1.tgz#9c7b53dc3b44dd9ae200255cc3b398874918a6ca"
  integrity sha512-vaBlIKCyo4FCUtCm7Eu4QZd/q02bWcxfUO6YSXAZOWF6gzcLBeba8kwotUdYJjDLW8Cz8RywsSOqiNJZW0mNvg==
  dependencies:
    "@hapi/hoek" "^9.3.0"
    "@hapi/topo" "^5.1.0"
    "@sideway/address" "^4.1.5"
    "@sideway/formula" "^3.0.1"
    "@sideway/pinpoint" "^2.0.0"

json-schema-to-ts@^3.0.1:
  version "3.1.0"
  resolved "https://registry.yarnpkg.com/json-schema-to-ts/-/json-schema-to-ts-3.1.0.tgz#96303370c2bf9da23aa0e86841548de6c70077b4"
  integrity sha512-UeVN/ery4/JeXI8h4rM8yZPxsH+KqPi/84qFxHfTGHZnWnK9D0UU9ZGYO+6XAaJLqCWMiks+ARuFOKAiSxJCHA==
  dependencies:
    "@babel/runtime" "^7.18.3"
    ts-algebra "^2.0.0"

just-clone@^6.2.0:
  version "6.2.0"
  resolved "https://registry.yarnpkg.com/just-clone/-/just-clone-6.2.0.tgz#a4614d9bf7e4bbdcae7f9ba904aea5ea9cae8ae5"
  integrity sha512-1IynUYEc/HAwxhi3WDpIpxJbZpMCvvrrmZVqvj9EhpvbH8lls7HhdhiByjL7DkAaWlLIzpC0Xc/VPvy/UxLNjA==

memoize-weak@^1.0.2:
  version "1.0.2"
  resolved "https://registry.yarnpkg.com/memoize-weak/-/memoize-weak-1.0.2.tgz#d0015a4c7c6cff2263dbbb49db1dc206ebb94916"
  integrity sha512-gj39xkrjEw7nCn4nJ1M5ms6+MyMlyiGmttzsqAUsAKn6bYKwuTHh/AO3cKPF8IBrTIYTxb0wWXFs3E//Y8VoWQ==

nanoid@^5.0.4, nanoid@^5.0.5:
  version "5.0.7"
  resolved "https://registry.yarnpkg.com/nanoid/-/nanoid-5.0.7.tgz#6452e8c5a816861fd9d2b898399f7e5fd6944cc6"
  integrity sha512-oLxFY2gd2IqnjcYyOXD8XGCftpGtZP2AbHbOkthDkvRywH5ayNtPVy9YlOPcHckXzbLTCHpkb7FB+yuxKV13pQ==

normalize-url@^8.0.1:
  version "8.0.1"
  resolved "https://registry.yarnpkg.com/normalize-url/-/normalize-url-8.0.1.tgz#9b7d96af9836577c58f5883e939365fa15623a4a"
  integrity sha512-IO9QvjUMWxPQQhs60oOu10CRkWCiZzSUkzbXGGV9pviYl1fXYcvkzQ5jV9z8Y6un8ARoVRl4EtC6v6jNqbaJ/w==

property-expr@^2.0.5:
  version "2.0.6"
  resolved "https://registry.yarnpkg.com/property-expr/-/property-expr-2.0.6.tgz#f77bc00d5928a6c748414ad12882e83f24aec1e8"
  integrity sha512-SVtmxhRE/CGkn3eZY1T6pC8Nln6Fr/lu1mKSgRud0eC73whjGfoAogbn78LkD8aFL0zz3bAFerKSnOl7NlErBA==

regenerator-runtime@^0.14.0:
  version "0.14.1"
  resolved "https://registry.yarnpkg.com/regenerator-runtime/-/regenerator-runtime-0.14.1.tgz#356ade10263f685dda125100cd862c1db895327f"
  integrity sha512-dYnhHh0nJoMfnkZs6GmmhFknAGRrLznOu5nc9ML+EJxGvrx6H7teuevqVqCuPcPK//3eDrrjQhehXVx9cnkGdw==

superstruct@^1.0.4:
  version "1.0.4"
  resolved "https://registry.yarnpkg.com/superstruct/-/superstruct-1.0.4.tgz#0adb99a7578bd2f1c526220da6571b2d485d91ca"
  integrity sha512-7JpaAoX2NGyoFlI9NBh66BQXGONc+uE+MRS5i2iOBKuS4e+ccgMDjATgZldkah+33DakBxDHiss9kvUcGAO8UQ==

sveltekit-superforms@^2.13.1:
  version "2.13.1"
  resolved "https://registry.yarnpkg.com/sveltekit-superforms/-/sveltekit-superforms-2.13.1.tgz#623b93f83c03821729fb632349e722c6fd351a98"
  integrity sha512-kmwC3sNFAiHADLq7E46QBgDk4OEXLrhCQumwRbPcRAOQf/XvBzGBNmQGnIP62Rpiq+qLKbwo40c1gA4QA31bKg==
  dependencies:
    devalue "^5.0.0"
    just-clone "^6.2.0"
    memoize-weak "^1.0.2"
    ts-deepmerge "^7.0.0"
  optionalDependencies:
    "@exodus/schemasafe" "^1.3.0"
    "@gcornut/valibot-json-schema" "^0.0.27"
    "@sinclair/typebox" "^0.32.27"
    "@sodaru/yup-to-json-schema" "^2.0.1"
    "@vinejs/vine" "^1.8.0"
    arktype "1.0.29-alpha"
    joi "^17.13.1"
    json-schema-to-ts "^3.0.1"
    superstruct "^1.0.4"
    valibot "^0.30.0"
    yup "^1.4.0"
    zod "^3.23.5"
    zod-to-json-schema "^3.23.0"

tabbable@^6.2.0:
  version "6.2.0"
  resolved "https://registry.yarnpkg.com/tabbable/-/tabbable-6.2.0.tgz#732fb62bc0175cfcec257330be187dcfba1f3b97"
  integrity sha512-Cat63mxsVJlzYvN51JmVXIgNoUokrIaT2zLclCXjRd8boZ0004U4KCs/sToJ75C6sdlByWxpYnb5Boif1VSFew==

tiny-case@^1.0.3:
  version "1.0.3"
  resolved "https://registry.yarnpkg.com/tiny-case/-/tiny-case-1.0.3.tgz#d980d66bc72b5d5a9ca86fb7c9ffdb9c898ddd03"
  integrity sha512-Eet/eeMhkO6TX8mnUteS9zgPbUMQa4I6Kkp5ORiBD5476/m+PIRiumP5tmh5ioJpH7k51Kehawy2UDfsnxxY8Q==

toposort@^2.0.2:
  version "2.0.2"
  resolved "https://registry.yarnpkg.com/toposort/-/toposort-2.0.2.tgz#ae21768175d1559d48bef35420b2f4962f09c330"
  integrity sha512-0a5EOkAUp8D4moMi2W8ZF8jcga7BgZd91O/yabJCFY8az+XSzeGyTKs0Aoo897iV1Nj6guFq8orWDS96z91oGg==

ts-algebra@^2.0.0:
  version "2.0.0"
  resolved "https://registry.yarnpkg.com/ts-algebra/-/ts-algebra-2.0.0.tgz#4e3e0953878f26518fce7f6bb115064a65388b7a"
  integrity sha512-FPAhNPFMrkwz76P7cdjdmiShwMynZYN6SgOujD1urY4oNm80Ou9oMdmbR45LotcKOXoy7wSmHkRFE6Mxbrhefw==

ts-deepmerge@^7.0.0:
  version "7.0.0"
  resolved "https://registry.yarnpkg.com/ts-deepmerge/-/ts-deepmerge-7.0.0.tgz#ee824dc177d452603348c7e6f3b90223434a6b44"
  integrity sha512-WZ/iAJrKDhdINv1WG6KZIGHrZDar6VfhftG1QJFpVbOYZMYJLJOvZOo1amictRXVdBXZIgBHKswMTXzElngprA==

tslib@^2.4.0:
  version "2.6.2"
  resolved "https://registry.yarnpkg.com/tslib/-/tslib-2.6.2.tgz#703ac29425e7b37cd6fd456e92404d46d1f3e4ae"
  integrity sha512-AEYxH93jGFPn/a2iVAwW87VuUIkR1FVUKB77NwMF7nBTDkDrrT/Hpt/IrCJ0QXhW27jTBDcf5ZY7w6RiqTMw2Q==

type-fest@^2.19.0:
  version "2.19.0"
  resolved "https://registry.yarnpkg.com/type-fest/-/type-fest-2.19.0.tgz#88068015bb33036a598b952e55e9311a60fd3a9b"
  integrity sha512-RAH822pAdBgcNMAfWnCBU3CFZcfZ/i1eZjwFU/dsLKumyuuP3niueg2UAukXYF0E2AAoc82ZSSf9J0WQBinzHA==

valibot@^0.30.0:
  version "0.30.0"
  resolved "https://registry.yarnpkg.com/valibot/-/valibot-0.30.0.tgz#6b90386a04d2c281cdc5dc6ad33bd3d2d7ea13b5"
  integrity sha512-5POBdbSkM+3nvJ6ZlyQHsggisfRtyT4tVTo1EIIShs6qCdXJnyWU5TJ68vr8iTg5zpOLjXLRiBqNx+9zwZz/rA==

validator@^13.11.0:
  version "13.12.0"
  resolved "https://registry.yarnpkg.com/validator/-/validator-13.12.0.tgz#7d78e76ba85504da3fee4fd1922b385914d4b35f"
  integrity sha512-c1Q0mCiPlgdTVVVIJIrBuxNicYE+t/7oKeI9MWLj3fh/uq2Pxh/3eeWbVZ4OcGW1TUf53At0njHw5SMdA3tmMg==

yup@^1.4.0:
  version "1.4.0"
  resolved "https://registry.yarnpkg.com/yup/-/yup-1.4.0.tgz#898dcd660f9fb97c41f181839d3d65c3ee15a43e"
  integrity sha512-wPbgkJRCqIf+OHyiTBQoJiP5PFuAXaWiJK6AmYkzQAh5/c2K9hzSApBZG5wV9KoKSePF7sAxmNSvh/13YHkFDg==
  dependencies:
    property-expr "^2.0.5"
    tiny-case "^1.0.3"
    toposort "^2.0.2"
    type-fest "^2.19.0"

zod-to-json-schema@^3.23.0:
  version "3.23.0"
  resolved "https://registry.yarnpkg.com/zod-to-json-schema/-/zod-to-json-schema-3.23.0.tgz#4fc60e88d3c709eedbfaae3f92f8a7bf786469f2"
  integrity sha512-az0uJ243PxsRIa2x1WmNE/pnuA05gUq/JB8Lwe1EDCCL/Fz9MgjYQ0fPlyc2Tcv6aF2ZA7WM5TWaRZVEFaAIag==

zod@^3.23.5, zod@^3.23.8:
  version "3.23.8"
  resolved "https://registry.yarnpkg.com/zod/-/zod-3.23.8.tgz#e37b957b5d52079769fb8097099b592f0ef4067d"
  integrity sha512-XBx9AXhXktjUqnepgTiE5flcKIYWi/rme0Eaj+5Y0lftuGBq+jyRu/md4WnuxqgP1ubdpNCsYEYPxrzVHD8d6g==
